
Microsoft Visual Studio Solution File, Format Version 12.00
# Visual Studio 15
VisualStudioVersion = 15.0.28307.960
MinimumVisualStudioVersion = 10.0.40219.1
Project("{FAE04EC0-301F-11D3-BF4B-00C04F79EFBC}") = "Practice Console", "Practice Console\Practice Console.csproj", "{77FB9734-59CA-4758-9415-7E4409920541}"
EndProject
Global
	GlobalSection(SolutionConfigurationPlatforms) = preSolution
		Debug|Any CPU = Debug|Any CPU
		Release|Any CPU = Release|Any CPU
	EndGlobalSection
	GlobalSection(ProjectConfigurationPlatforms) = postSolution
		{77FB9734-59CA-4758-9415-7E4409920541}.Debug|Any CPU.ActiveCfg = Debug|Any CPU
		{77FB9734-59CA-4758-9415-7E4409920541}.Debug|Any CPU.Build.0 = Debug|Any CPU
		{77FB9734-59CA-4758-9415-7E4409920541}.Release|Any CPU.ActiveCfg = Release|Any CPU
		{77FB9734-59CA-4758-9415-7E4409920541}.Release|Any CPU.Build.0 = Release|Any CPU
	EndGlobalSection
	GlobalSection(SolutionProperties) = preSolution
		HideSolutionNode = FALSE
	EndGlobalSection
	GlobalSection(ExtensibilityGlobals) = postSolution
		SolutionGuid = {F200F6D1-80BE-4060-8A59-52EBE5BD6906}
	EndGlobalSection
EndGlobal
