
Microsoft Visual Studio Solution File, Format Version 12.00
# Visual Studio 15
VisualStudioVersion = 15.0.28307.960
MinimumVisualStudioVersion = 10.0.40219.1
Project("{FAE04EC0-301F-11D3-BF4B-00C04F79EFBC}") = "Count of words", "Count of words\Count of words.csproj", "{ACE5498A-DF2C-4488-9BD6-5E5FC60630FF}"
EndProject
Global
	GlobalSection(SolutionConfigurationPlatforms) = preSolution
		Debug|Any CPU = Debug|Any CPU
		Release|Any CPU = Release|Any CPU
	EndGlobalSection
	GlobalSection(ProjectConfigurationPlatforms) = postSolution
		{ACE5498A-DF2C-4488-9BD6-5E5FC60630FF}.Debug|Any CPU.ActiveCfg = Debug|Any CPU
		{ACE5498A-DF2C-4488-9BD6-5E5FC60630FF}.Debug|Any CPU.Build.0 = Debug|Any CPU
		{ACE5498A-DF2C-4488-9BD6-5E5FC60630FF}.Release|Any CPU.ActiveCfg = Release|Any CPU
		{ACE5498A-DF2C-4488-9BD6-5E5FC60630FF}.Release|Any CPU.Build.0 = Release|Any CPU
	EndGlobalSection
	GlobalSection(SolutionProperties) = preSolution
		HideSolutionNode = FALSE
	EndGlobalSection
	GlobalSection(ExtensibilityGlobals) = postSolution
		SolutionGuid = {4B76DC22-61AC-48E5-9AFA-D46CFF67B2A4}
	EndGlobalSection
EndGlobal
