
Microsoft Visual Studio Solution File, Format Version 12.00
# Visual Studio 15
VisualStudioVersion = 15.0.28307.960
MinimumVisualStudioVersion = 10.0.40219.1
Project("{FAE04EC0-301F-11D3-BF4B-00C04F79EFBC}") = "ClassLibrary1", "ClassLibrary1\ClassLibrary1.csproj", "{4A9867AF-AEB7-495E-85D8-4C27130347C3}"
EndProject
Global
	GlobalSection(SolutionConfigurationPlatforms) = preSolution
		Debug|Any CPU = Debug|Any CPU
		Release|Any CPU = Release|Any CPU
	EndGlobalSection
	GlobalSection(ProjectConfigurationPlatforms) = postSolution
		{4A9867AF-AEB7-495E-85D8-4C27130347C3}.Debug|Any CPU.ActiveCfg = Debug|Any CPU
		{4A9867AF-AEB7-495E-85D8-4C27130347C3}.Debug|Any CPU.Build.0 = Debug|Any CPU
		{4A9867AF-AEB7-495E-85D8-4C27130347C3}.Release|Any CPU.ActiveCfg = Release|Any CPU
		{4A9867AF-AEB7-495E-85D8-4C27130347C3}.Release|Any CPU.Build.0 = Release|Any CPU
	EndGlobalSection
	GlobalSection(SolutionProperties) = preSolution
		HideSolutionNode = FALSE
	EndGlobalSection
	GlobalSection(ExtensibilityGlobals) = postSolution
		SolutionGuid = {353B0AF8-C2AB-433A-855F-2EBA6A9268AE}
	EndGlobalSection
EndGlobal
