
Microsoft Visual Studio Solution File, Format Version 12.00
# Visual Studio 15
VisualStudioVersion = 15.0.28307.960
MinimumVisualStudioVersion = 10.0.40219.1
Project("{FAE04EC0-301F-11D3-BF4B-00C04F79EFBC}") = "studentsAPi", "studentsAPi\studentsAPi.csproj", "{ACBBABB3-B450-4B3C-9638-BB5A40F52254}"
EndProject
Global
	GlobalSection(SolutionConfigurationPlatforms) = preSolution
		Debug|Any CPU = Debug|Any CPU
		Release|Any CPU = Release|Any CPU
	EndGlobalSection
	GlobalSection(ProjectConfigurationPlatforms) = postSolution
		{ACBBABB3-B450-4B3C-9638-BB5A40F52254}.Debug|Any CPU.ActiveCfg = Debug|Any CPU
		{ACBBABB3-B450-4B3C-9638-BB5A40F52254}.Debug|Any CPU.Build.0 = Debug|Any CPU
		{ACBBABB3-B450-4B3C-9638-BB5A40F52254}.Release|Any CPU.ActiveCfg = Release|Any CPU
		{ACBBABB3-B450-4B3C-9638-BB5A40F52254}.Release|Any CPU.Build.0 = Release|Any CPU
	EndGlobalSection
	GlobalSection(SolutionProperties) = preSolution
		HideSolutionNode = FALSE
	EndGlobalSection
	GlobalSection(ExtensibilityGlobals) = postSolution
		SolutionGuid = {7B458566-12A4-472B-8741-BB8D2466A235}
	EndGlobalSection
EndGlobal
